
Microsoft Visual Studio Solution File, Format Version 12.00
# Visual Studio 15
VisualStudioVersion = 15.0.28307.421
MinimumVisualStudioVersion = 10.0.40219.1
Project("{FAE04EC0-301F-11D3-BF4B-00C04F79EFBC}") = "View", "View\View.csproj", "{B5EA1BF4-5611-45C3-B7FA-64B2D49B79C0}"
EndProject
Project("{FAE04EC0-301F-11D3-BF4B-00C04F79EFBC}") = "Controller", "Controller\Controller.csproj", "{BB201A44-DFCA-4448-9622-303467B2EFAB}"
EndProject
Global
	GlobalSection(SolutionConfigurationPlatforms) = preSolution
		Debug|Any CPU = Debug|Any CPU
		Release|Any CPU = Release|Any CPU
	EndGlobalSection
	GlobalSection(ProjectConfigurationPlatforms) = postSolution
		{B5EA1BF4-5611-45C3-B7FA-64B2D49B79C0}.Debug|Any CPU.ActiveCfg = Debug|Any CPU
		{B5EA1BF4-5611-45C3-B7FA-64B2D49B79C0}.Debug|Any CPU.Build.0 = Debug|Any CPU
		{B5EA1BF4-5611-45C3-B7FA-64B2D49B79C0}.Release|Any CPU.ActiveCfg = Release|Any CPU
		{B5EA1BF4-5611-45C3-B7FA-64B2D49B79C0}.Release|Any CPU.Build.0 = Release|Any CPU
		{BB201A44-DFCA-4448-9622-303467B2EFAB}.Debug|Any CPU.ActiveCfg = Debug|Any CPU
		{BB201A44-DFCA-4448-9622-303467B2EFAB}.Debug|Any CPU.Build.0 = Debug|Any CPU
		{BB201A44-DFCA-4448-9622-303467B2EFAB}.Release|Any CPU.ActiveCfg = Release|Any CPU
		{BB201A44-DFCA-4448-9622-303467B2EFAB}.Release|Any CPU.Build.0 = Release|Any CPU
	EndGlobalSection
	GlobalSection(SolutionProperties) = preSolution
		HideSolutionNode = FALSE
	EndGlobalSection
	GlobalSection(ExtensibilityGlobals) = postSolution
		SolutionGuid = {4072A828-B0CB-493A-BF64-8E4DC11A3B7B}
	EndGlobalSection
EndGlobal
